
Microsoft Visual Studio Solution File, Format Version 12.00
# Visual Studio Version 16
VisualStudioVersion = 16.0.29123.88
MinimumVisualStudioVersion = 10.0.40219.1
Project("{9A19103F-16F7-4668-BE54-9A1E7A4F7556}") = "MLCsharp", "MLCsharp.csproj", "{0661E8F0-A088-4601-9CDA-2305DE7AA087}"
EndProject
Global
	GlobalSection(SolutionConfigurationPlatforms) = preSolution
		Debug|Any CPU = Debug|Any CPU
		Release|Any CPU = Release|Any CPU
	EndGlobalSection
	GlobalSection(ProjectConfigurationPlatforms) = postSolution
		{0661E8F0-A088-4601-9CDA-2305DE7AA087}.Debug|Any CPU.ActiveCfg = Debug|Any CPU
		{0661E8F0-A088-4601-9CDA-2305DE7AA087}.Debug|Any CPU.Build.0 = Debug|Any CPU
		{0661E8F0-A088-4601-9CDA-2305DE7AA087}.Release|Any CPU.ActiveCfg = Release|Any CPU
		{0661E8F0-A088-4601-9CDA-2305DE7AA087}.Release|Any CPU.Build.0 = Release|Any CPU
	EndGlobalSection
	GlobalSection(SolutionProperties) = preSolution
		HideSolutionNode = FALSE
	EndGlobalSection
	GlobalSection(ExtensibilityGlobals) = postSolution
		SolutionGuid = {D8941701-A61F-4056-8086-E305FEC9FA44}
	EndGlobalSection
EndGlobal
