
Microsoft Visual Studio Solution File, Format Version 12.00
# Visual Studio Version 16
VisualStudioVersion = 16.0.29123.88
MinimumVisualStudioVersion = 10.0.40219.1
Project("{6EC3EE1D-3C4E-46DD-8F32-0CC8E7565705}") = "MLSharp", "MLSharp.fsproj", "{B0E2C76A-2999-40CC-87EE-25F86F321AB6}"
EndProject
Project("{FAE04EC0-301F-11D3-BF4B-00C04F79EFBC}") = "MLCsharp", "..\MLCsharp\MLCsharp.csproj", "{202C7707-8EC5-422D-8DA6-49048E899275}"
EndProject
Global
	GlobalSection(SolutionConfigurationPlatforms) = preSolution
		Debug|Any CPU = Debug|Any CPU
		Release|Any CPU = Release|Any CPU
	EndGlobalSection
	GlobalSection(ProjectConfigurationPlatforms) = postSolution
		{B0E2C76A-2999-40CC-87EE-25F86F321AB6}.Debug|Any CPU.ActiveCfg = Debug|Any CPU
		{B0E2C76A-2999-40CC-87EE-25F86F321AB6}.Debug|Any CPU.Build.0 = Debug|Any CPU
		{B0E2C76A-2999-40CC-87EE-25F86F321AB6}.Release|Any CPU.ActiveCfg = Release|Any CPU
		{B0E2C76A-2999-40CC-87EE-25F86F321AB6}.Release|Any CPU.Build.0 = Release|Any CPU
		{202C7707-8EC5-422D-8DA6-49048E899275}.Debug|Any CPU.ActiveCfg = Debug|Any CPU
		{202C7707-8EC5-422D-8DA6-49048E899275}.Debug|Any CPU.Build.0 = Debug|Any CPU
		{202C7707-8EC5-422D-8DA6-49048E899275}.Release|Any CPU.ActiveCfg = Release|Any CPU
		{202C7707-8EC5-422D-8DA6-49048E899275}.Release|Any CPU.Build.0 = Release|Any CPU
	EndGlobalSection
	GlobalSection(SolutionProperties) = preSolution
		HideSolutionNode = FALSE
	EndGlobalSection
	GlobalSection(ExtensibilityGlobals) = postSolution
		SolutionGuid = {5876EC6F-AEA6-442D-A98F-B77BBACB0CD7}
	EndGlobalSection
EndGlobal
